{
  "name": "platforms-test",
  "version": "1.0.0",
  "lockfileVersion": 3,
  "requires": true,
  "packages": {
    "": {
      "name": "platforms-test",
      "version": "1.0.0",
      "license": "ISC",
      "dependencies": {
        "@tessz1/platforms": "^1.0.0"
      }
    },
    "node_modules/@tessz1/platforms": {
      "version": "1.0.0",
      "resolved": "https://npm.pkg.github.com/download/@tessz1/platforms/1.0.0/3f1e6dc411503d5d8f552a87a3eefcb69f3fb177",
      "integrity": "sha512-SRUl+z/xUts71JzF+yw5zeTO0BkGSH9HBC0qJP9PQSN6SjNZwKBUvcZKMS/fQ5v8EsJ1jpLeTTSInhKrMb6aDQ==",
      "license": "ISC"
    }
  }
}
